
Microsoft Visual Studio Solution File, Format Version 12.00
# Visual Studio Version 17
VisualStudioVersion = 17.9.34902.65
MinimumVisualStudioVersion = 10.0.40219.1
Project("{FAE04EC0-301F-11D3-BF4B-00C04F79EFBC}") = "Question05", "Question05.csproj", "{40B1A3AA-19D0-440C-9AAD-B1F33C43131D}"
EndProject
Global
	GlobalSection(SolutionConfigurationPlatforms) = preSolution
		Debug|Any CPU = Debug|Any CPU
		Release|Any CPU = Release|Any CPU
	EndGlobalSection
	GlobalSection(ProjectConfigurationPlatforms) = postSolution
		{40B1A3AA-19D0-440C-9AAD-B1F33C43131D}.Debug|Any CPU.ActiveCfg = Debug|Any CPU
		{40B1A3AA-19D0-440C-9AAD-B1F33C43131D}.Debug|Any CPU.Build.0 = Debug|Any CPU
		{40B1A3AA-19D0-440C-9AAD-B1F33C43131D}.Release|Any CPU.ActiveCfg = Release|Any CPU
		{40B1A3AA-19D0-440C-9AAD-B1F33C43131D}.Release|Any CPU.Build.0 = Release|Any CPU
	EndGlobalSection
	GlobalSection(SolutionProperties) = preSolution
		HideSolutionNode = FALSE
	EndGlobalSection
	GlobalSection(ExtensibilityGlobals) = postSolution
		SolutionGuid = {60B90D1C-9A41-4E8E-94AB-931D351379E2}
	EndGlobalSection
EndGlobal
